// !$*UTF8*$!
{
	archiveVersion = 1;
	classes = {
	};
	objectVersion = 50;
	objects = {

/* Begin PBXBuildFile section */
		720E4F802493EB5800D99793 /* LoginView.swift in Sources */ = {isa = PBXBuildFile; fileRef = 720E4F7F2493EB5800D99793 /* LoginView.swift */; };
		720E4F822493F82900D99793 /* LoadingView.swift in Sources */ = {isa = PBXBuildFile; fileRef = 720E4F812493F82900D99793 /* LoadingView.swift */; };
		720E4F842493F9C200D99793 /* LoginViewModel.swift in Sources */ = {isa = PBXBuildFile; fileRef = 720E4F832493F9C200D99793 /* LoginViewModel.swift */; };
		72153E9724921B7D00DCE6D7 /* AppDelegate.swift in Sources */ = {isa = PBXBuildFile; fileRef = 72153E9624921B7D00DCE6D7 /* AppDelegate.swift */; };
		72153E9924921B7D00DCE6D7 /* SceneDelegate.swift in Sources */ = {isa = PBXBuildFile; fileRef = 72153E9824921B7D00DCE6D7 /* SceneDelegate.swift */; };
		72153E9D24921B7F00DCE6D7 /* Assets.xcassets in Resources */ = {isa = PBXBuildFile; fileRef = 72153E9C24921B7F00DCE6D7 /* Assets.xcassets */; };
		72153EA024921B7F00DCE6D7 /* Preview Assets.xcassets in Resources */ = {isa = PBXBuildFile; fileRef = 72153E9F24921B7F00DCE6D7 /* Preview Assets.xcassets */; };
		72153EA324921B7F00DCE6D7 /* LaunchScreen.storyboard in Resources */ = {isa = PBXBuildFile; fileRef = 72153EA124921B7F00DCE6D7 /* LaunchScreen.storyboard */; };
		72153EAE24921B7F00DCE6D7 /* SwiftUIDemoWithGithubAPIsTests.swift in Sources */ = {isa = PBXBuildFile; fileRef = 72153EAD24921B7F00DCE6D7 /* SwiftUIDemoWithGithubAPIsTests.swift */; };
		72153EBE2492269200DCE6D7 /* NetworkRequestAgent.swift in Sources */ = {isa = PBXBuildFile; fileRef = 72153EBD2492269200DCE6D7 /* NetworkRequestAgent.swift */; };
		72153EC0249226AD00DCE6D7 /* APIRouter.swift in Sources */ = {isa = PBXBuildFile; fileRef = 72153EBF249226AD00DCE6D7 /* APIRouter.swift */; };
		72153EC2249226DC00DCE6D7 /* NetworkError.swift in Sources */ = {isa = PBXBuildFile; fileRef = 72153EC1249226DC00DCE6D7 /* NetworkError.swift */; };
		72153EC4249226EE00DCE6D7 /* JsonParser.swift in Sources */ = {isa = PBXBuildFile; fileRef = 72153EC3249226EE00DCE6D7 /* JsonParser.swift */; };
		72153EC7249236DD00DCE6D7 /* UserModel.swift in Sources */ = {isa = PBXBuildFile; fileRef = 72153EC6249236DD00DCE6D7 /* UserModel.swift */; };
		72153ECB249250FD00DCE6D7 /* ImageRefrences.swift in Sources */ = {isa = PBXBuildFile; fileRef = 72153ECA249250FD00DCE6D7 /* ImageRefrences.swift */; };
		72153ED12492727B00DCE6D7 /* ViewExtensions.swift in Sources */ = {isa = PBXBuildFile; fileRef = 72153ED02492727B00DCE6D7 /* ViewExtensions.swift */; };
		72153ED4249272C000DCE6D7 /* NavigateModifier.swift in Sources */ = {isa = PBXBuildFile; fileRef = 72153ED3249272C000DCE6D7 /* NavigateModifier.swift */; };
		72153ED62492736500DCE6D7 /* BaseNavigationView.swift in Sources */ = {isa = PBXBuildFile; fileRef = 72153ED52492736500DCE6D7 /* BaseNavigationView.swift */; };
		72153ED8249273A300DCE6D7 /* BaseText.swift in Sources */ = {isa = PBXBuildFile; fileRef = 72153ED7249273A300DCE6D7 /* BaseText.swift */; };
		72153EDB249273DC00DCE6D7 /* ColorAssets.xcassets in Resources */ = {isa = PBXBuildFile; fileRef = 72153EDA249273DC00DCE6D7 /* ColorAssets.xcassets */; };
		72153EDD249273F400DCE6D7 /* ColorRefrences.swift in Sources */ = {isa = PBXBuildFile; fileRef = 72153EDC249273F400DCE6D7 /* ColorRefrences.swift */; };
		72153EE42492761000DCE6D7 /* Roboto-Bold.ttf in Resources */ = {isa = PBXBuildFile; fileRef = 72153EDF2492761000DCE6D7 /* Roboto-Bold.ttf */; };
		72153EE52492761000DCE6D7 /* Roboto-Medium.ttf in Resources */ = {isa = PBXBuildFile; fileRef = 72153EE02492761000DCE6D7 /* Roboto-Medium.ttf */; };
		72153EE62492761000DCE6D7 /* Roboto-Black.ttf in Resources */ = {isa = PBXBuildFile; fileRef = 72153EE12492761000DCE6D7 /* Roboto-Black.ttf */; };
		72153EE72492761000DCE6D7 /* Roboto-Light.ttf in Resources */ = {isa = PBXBuildFile; fileRef = 72153EE22492761000DCE6D7 /* Roboto-Light.ttf */; };
		72153EE82492761000DCE6D7 /* Roboto-Regular.ttf in Resources */ = {isa = PBXBuildFile; fileRef = 72153EE32492761000DCE6D7 /* Roboto-Regular.ttf */; };
		72153EEA249276AD00DCE6D7 /* FontExtensions.swift in Sources */ = {isa = PBXBuildFile; fileRef = 72153EE9249276AD00DCE6D7 /* FontExtensions.swift */; };
		72153EEC24928D0E00DCE6D7 /* BaseList.swift in Sources */ = {isa = PBXBuildFile; fileRef = 72153EEB24928D0E00DCE6D7 /* BaseList.swift */; };
		72153EEF24928D9000DCE6D7 /* UserInfoView.swift in Sources */ = {isa = PBXBuildFile; fileRef = 72153EEE24928D9000DCE6D7 /* UserInfoView.swift */; };
		72153EF124928F7F00DCE6D7 /* UserInfoViewModel.swift in Sources */ = {isa = PBXBuildFile; fileRef = 72153EF024928F7F00DCE6D7 /* UserInfoViewModel.swift */; };
		72153EF424929D7600DCE6D7 /* UserInfoRow.swift in Sources */ = {isa = PBXBuildFile; fileRef = 72153EF324929D7600DCE6D7 /* UserInfoRow.swift */; };
		72153EF62492ACA600DCE6D7 /* Base.strings in Resources */ = {isa = PBXBuildFile; fileRef = 72153EF52492ACA600DCE6D7 /* Base.strings */; };
		72338FFE249396F00029E98E /* UserRepositoriesViewModel.swift in Sources */ = {isa = PBXBuildFile; fileRef = 72338FFD249396F00029E98E /* UserRepositoriesViewModel.swift */; };
		723390012493A5760029E98E /* UserRepositoriesRow.swift in Sources */ = {isa = PBXBuildFile; fileRef = 723390002493A5760029E98E /* UserRepositoriesRow.swift */; };
		72445DC32493460C008C8C19 /* RepoModel.swift in Sources */ = {isa = PBXBuildFile; fileRef = 72445DC22493460C008C8C19 /* RepoModel.swift */; };
		72445DC624934926008C8C19 /* HomeView.swift in Sources */ = {isa = PBXBuildFile; fileRef = 72445DC524934926008C8C19 /* HomeView.swift */; };
		72445DC824934956008C8C19 /* BaseTabView.swift in Sources */ = {isa = PBXBuildFile; fileRef = 72445DC724934956008C8C19 /* BaseTabView.swift */; };
		72445DCA24935542008C8C19 /* HomeViewModel.swift in Sources */ = {isa = PBXBuildFile; fileRef = 72445DC924935542008C8C19 /* HomeViewModel.swift */; };
		72445DCE24935DAE008C8C19 /* UserRepositoriesView.swift in Sources */ = {isa = PBXBuildFile; fileRef = 72445DCD24935DAE008C8C19 /* UserRepositoriesView.swift */; };
		72445DD124936BC2008C8C19 /* DictionaryEncoder.swift in Sources */ = {isa = PBXBuildFile; fileRef = 72445DD024936BC2008C8C19 /* DictionaryEncoder.swift */; };
		724FF71F249386F400F97219 /* StringExtensions.swift in Sources */ = {isa = PBXBuildFile; fileRef = 724FF71E249386F400F97219 /* StringExtensions.swift */; };
/* End PBXBuildFile section */

/* Begin PBXContainerItemProxy section */
		72153EAA24921B7F00DCE6D7 /* PBXContainerItemProxy */ = {
			isa = PBXContainerItemProxy;
			containerPortal = 72153E8B24921B7D00DCE6D7 /* Project object */;
			proxyType = 1;
			remoteGlobalIDString = 72153E9224921B7D00DCE6D7;
			remoteInfo = SwiftUIDemoWithGithubAPIs;
		};
/* End PBXContainerItemProxy section */

/* Begin PBXFileReference section */
		720E4F7F2493EB5800D99793 /* LoginView.swift */ = {isa = PBXFileReference; lastKnownFileType = sourcecode.swift; path = LoginView.swift; sourceTree = "<group>"; };
		720E4F812493F82900D99793 /* LoadingView.swift */ = {isa = PBXFileReference; lastKnownFileType = sourcecode.swift; path = LoadingView.swift; sourceTree = "<group>"; };
		720E4F832493F9C200D99793 /* LoginViewModel.swift */ = {isa = PBXFileReference; lastKnownFileType = sourcecode.swift; path = LoginViewModel.swift; sourceTree = "<group>"; };
		72153E9324921B7D00DCE6D7 /* SwiftUIDemoWithGithubAPIs.app */ = {isa = PBXFileReference; explicitFileType = wrapper.application; includeInIndex = 0; path = SwiftUIDemoWithGithubAPIs.app; sourceTree = BUILT_PRODUCTS_DIR; };
		72153E9624921B7D00DCE6D7 /* AppDelegate.swift */ = {isa = PBXFileReference; lastKnownFileType = sourcecode.swift; path = AppDelegate.swift; sourceTree = "<group>"; };
		72153E9824921B7D00DCE6D7 /* SceneDelegate.swift */ = {isa = PBXFileReference; lastKnownFileType = sourcecode.swift; path = SceneDelegate.swift; sourceTree = "<group>"; };
		72153E9C24921B7F00DCE6D7 /* Assets.xcassets */ = {isa = PBXFileReference; lastKnownFileType = folder.assetcatalog; path = Assets.xcassets; sourceTree = "<group>"; };
		72153E9F24921B7F00DCE6D7 /* Preview Assets.xcassets */ = {isa = PBXFileReference; lastKnownFileType = folder.assetcatalog; path = "Preview Assets.xcassets"; sourceTree = "<group>"; };
		72153EA224921B7F00DCE6D7 /* Base */ = {isa = PBXFileReference; lastKnownFileType = file.storyboard; name = Base; path = Base.lproj/LaunchScreen.storyboard; sourceTree = "<group>"; };
		72153EA424921B7F00DCE6D7 /* Info.plist */ = {isa = PBXFileReference; lastKnownFileType = text.plist.xml; path = Info.plist; sourceTree = "<group>"; };
		72153EA924921B7F00DCE6D7 /* SwiftUIDemoWithGithubAPIsTests.xctest */ = {isa = PBXFileReference; explicitFileType = wrapper.cfbundle; includeInIndex = 0; path = SwiftUIDemoWithGithubAPIsTests.xctest; sourceTree = BUILT_PRODUCTS_DIR; };
		72153EAD24921B7F00DCE6D7 /* SwiftUIDemoWithGithubAPIsTests.swift */ = {isa = PBXFileReference; lastKnownFileType = sourcecode.swift; path = SwiftUIDemoWithGithubAPIsTests.swift; sourceTree = "<group>"; };
		72153EAF24921B7F00DCE6D7 /* Info.plist */ = {isa = PBXFileReference; lastKnownFileType = text.plist.xml; path = Info.plist; sourceTree = "<group>"; };
		72153EBD2492269200DCE6D7 /* NetworkRequestAgent.swift */ = {isa = PBXFileReference; lastKnownFileType = sourcecode.swift; path = NetworkRequestAgent.swift; sourceTree = "<group>"; };
		72153EBF249226AD00DCE6D7 /* APIRouter.swift */ = {isa = PBXFileReference; lastKnownFileType = sourcecode.swift; path = APIRouter.swift; sourceTree = "<group>"; };
		72153EC1249226DC00DCE6D7 /* NetworkError.swift */ = {isa = PBXFileReference; lastKnownFileType = sourcecode.swift; path = NetworkError.swift; sourceTree = "<group>"; };
		72153EC3249226EE00DCE6D7 /* JsonParser.swift */ = {isa = PBXFileReference; lastKnownFileType = sourcecode.swift; path = JsonParser.swift; sourceTree = "<group>"; };
		72153EC6249236DD00DCE6D7 /* UserModel.swift */ = {isa = PBXFileReference; lastKnownFileType = sourcecode.swift; path = UserModel.swift; sourceTree = "<group>"; };
		72153ECA249250FD00DCE6D7 /* ImageRefrences.swift */ = {isa = PBXFileReference; lastKnownFileType = sourcecode.swift; path = ImageRefrences.swift; sourceTree = "<group>"; };
		72153ED02492727B00DCE6D7 /* ViewExtensions.swift */ = {isa = PBXFileReference; lastKnownFileType = sourcecode.swift; path = ViewExtensions.swift; sourceTree = "<group>"; };
		72153ED3249272C000DCE6D7 /* NavigateModifier.swift */ = {isa = PBXFileReference; lastKnownFileType = sourcecode.swift; path = NavigateModifier.swift; sourceTree = "<group>"; };
		72153ED52492736500DCE6D7 /* BaseNavigationView.swift */ = {isa = PBXFileReference; lastKnownFileType = sourcecode.swift; path = BaseNavigationView.swift; sourceTree = "<group>"; };
		72153ED7249273A300DCE6D7 /* BaseText.swift */ = {isa = PBXFileReference; lastKnownFileType = sourcecode.swift; path = BaseText.swift; sourceTree = "<group>"; };
		72153EDA249273DC00DCE6D7 /* ColorAssets.xcassets */ = {isa = PBXFileReference; lastKnownFileType = folder.assetcatalog; path = ColorAssets.xcassets; sourceTree = "<group>"; };
		72153EDC249273F400DCE6D7 /* ColorRefrences.swift */ = {isa = PBXFileReference; lastKnownFileType = sourcecode.swift; path = ColorRefrences.swift; sourceTree = "<group>"; };
		72153EDF2492761000DCE6D7 /* Roboto-Bold.ttf */ = {isa = PBXFileReference; lastKnownFileType = file; name = "Roboto-Bold.ttf"; path = "../../../../../../Projects/weather-ios/WeatherMether/WeatherMether/Resources/Fonts/Roboto/Roboto-Bold.ttf"; sourceTree = "<group>"; };
		72153EE02492761000DCE6D7 /* Roboto-Medium.ttf */ = {isa = PBXFileReference; lastKnownFileType = file; name = "Roboto-Medium.ttf"; path = "../../../../../../Projects/weather-ios/WeatherMether/WeatherMether/Resources/Fonts/Roboto/Roboto-Medium.ttf"; sourceTree = "<group>"; };
		72153EE12492761000DCE6D7 /* Roboto-Black.ttf */ = {isa = PBXFileReference; lastKnownFileType = file; name = "Roboto-Black.ttf"; path = "../../../../../../Projects/weather-ios/WeatherMether/WeatherMether/Resources/Fonts/Roboto/Roboto-Black.ttf"; sourceTree = "<group>"; };
		72153EE22492761000DCE6D7 /* Roboto-Light.ttf */ = {isa = PBXFileReference; lastKnownFileType = file; name = "Roboto-Light.ttf"; path = "../../../../../../Projects/weather-ios/WeatherMether/WeatherMether/Resources/Fonts/Roboto/Roboto-Light.ttf"; sourceTree = "<group>"; };
		72153EE32492761000DCE6D7 /* Roboto-Regular.ttf */ = {isa = PBXFileReference; lastKnownFileType = file; name = "Roboto-Regular.ttf"; path = "../../../../../../Projects/weather-ios/WeatherMether/WeatherMether/Resources/Fonts/Roboto/Roboto-Regular.ttf"; sourceTree = "<group>"; };
		72153EE9249276AD00DCE6D7 /* FontExtensions.swift */ = {isa = PBXFileReference; lastKnownFileType = sourcecode.swift; path = FontExtensions.swift; sourceTree = "<group>"; };
		72153EEB24928D0E00DCE6D7 /* BaseList.swift */ = {isa = PBXFileReference; lastKnownFileType = sourcecode.swift; path = BaseList.swift; sourceTree = "<group>"; };
		72153EEE24928D9000DCE6D7 /* UserInfoView.swift */ = {isa = PBXFileReference; lastKnownFileType = sourcecode.swift; path = UserInfoView.swift; sourceTree = "<group>"; };
		72153EF024928F7F00DCE6D7 /* UserInfoViewModel.swift */ = {isa = PBXFileReference; lastKnownFileType = sourcecode.swift; path = UserInfoViewModel.swift; sourceTree = "<group>"; };
		72153EF324929D7600DCE6D7 /* UserInfoRow.swift */ = {isa = PBXFileReference; lastKnownFileType = sourcecode.swift; path = UserInfoRow.swift; sourceTree = "<group>"; };
		72153EF52492ACA600DCE6D7 /* Base.strings */ = {isa = PBXFileReference; lastKnownFileType = text.plist.strings; path = Base.strings; sourceTree = "<group>"; };
		72338FFD249396F00029E98E /* UserRepositoriesViewModel.swift */ = {isa = PBXFileReference; lastKnownFileType = sourcecode.swift; path = UserRepositoriesViewModel.swift; sourceTree = "<group>"; };
		723390002493A5760029E98E /* UserRepositoriesRow.swift */ = {isa = PBXFileReference; lastKnownFileType = sourcecode.swift; path = UserRepositoriesRow.swift; sourceTree = "<group>"; };
		72445DC22493460C008C8C19 /* RepoModel.swift */ = {isa = PBXFileReference; lastKnownFileType = sourcecode.swift; path = RepoModel.swift; sourceTree = "<group>"; };
		72445DC524934926008C8C19 /* HomeView.swift */ = {isa = PBXFileReference; lastKnownFileType = sourcecode.swift; path = HomeView.swift; sourceTree = "<group>"; };
		72445DC724934956008C8C19 /* BaseTabView.swift */ = {isa = PBXFileReference; lastKnownFileType = sourcecode.swift; path = BaseTabView.swift; sourceTree = "<group>"; };
		72445DC924935542008C8C19 /* HomeViewModel.swift */ = {isa = PBXFileReference; lastKnownFileType = sourcecode.swift; path = HomeViewModel.swift; sourceTree = "<group>"; };
		72445DCD24935DAE008C8C19 /* UserRepositoriesView.swift */ = {isa = PBXFileReference; lastKnownFileType = sourcecode.swift; path = UserRepositoriesView.swift; sourceTree = "<group>"; };
		72445DD024936BC2008C8C19 /* DictionaryEncoder.swift */ = {isa = PBXFileReference; lastKnownFileType = sourcecode.swift; path = DictionaryEncoder.swift; sourceTree = "<group>"; };
		724FF71E249386F400F97219 /* StringExtensions.swift */ = {isa = PBXFileReference; lastKnownFileType = sourcecode.swift; path = StringExtensions.swift; sourceTree = "<group>"; };
/* End PBXFileReference section */

/* Begin PBXFrameworksBuildPhase section */
		72153E9024921B7D00DCE6D7 /* Frameworks */ = {
			isa = PBXFrameworksBuildPhase;
			buildActionMask = 2147483647;
			files = (
			);
			runOnlyForDeploymentPostprocessing = 0;
		};
		72153EA624921B7F00DCE6D7 /* Frameworks */ = {
			isa = PBXFrameworksBuildPhase;
			buildActionMask = 2147483647;
			files = (
			);
			runOnlyForDeploymentPostprocessing = 0;
		};
/* End PBXFrameworksBuildPhase section */

/* Begin PBXGroup section */
		720E4F7E2493EB3200D99793 /* Login */ = {
			isa = PBXGroup;
			children = (
				720E4F7F2493EB5800D99793 /* LoginView.swift */,
				720E4F832493F9C200D99793 /* LoginViewModel.swift */,
			);
			path = Login;
			sourceTree = "<group>";
		};
		72153E8A24921B7D00DCE6D7 = {
			isa = PBXGroup;
			children = (
				72153E9524921B7D00DCE6D7 /* SwiftUIDemoWithGithubAPIs */,
				72153EAC24921B7F00DCE6D7 /* SwiftUIDemoWithGithubAPIsTests */,
				72153E9424921B7D00DCE6D7 /* Products */,
			);
			sourceTree = "<group>";
		};
		72153E9424921B7D00DCE6D7 /* Products */ = {
			isa = PBXGroup;
			children = (
				72153E9324921B7D00DCE6D7 /* SwiftUIDemoWithGithubAPIs.app */,
				72153EA924921B7F00DCE6D7 /* SwiftUIDemoWithGithubAPIsTests.xctest */,
			);
			name = Products;
			sourceTree = "<group>";
		};
		72153E9524921B7D00DCE6D7 /* SwiftUIDemoWithGithubAPIs */ = {
			isa = PBXGroup;
			children = (
				72153EB824921C3700DCE6D7 /* App */,
				72153EBB24921C8700DCE6D7 /* Modules */,
				72153EBC2492261C00DCE6D7 /* Network */,
				72153EBA24921C7500DCE6D7 /* Resources */,
				72153ECF2492725300DCE6D7 /* Extensions */,
				72445DCF24936BB7008C8C19 /* Utils */,
				72153ED2249272A100DCE6D7 /* Base */,
				72153E9E24921B7F00DCE6D7 /* Preview Content */,
			);
			path = SwiftUIDemoWithGithubAPIs;
			sourceTree = "<group>";
		};
		72153E9E24921B7F00DCE6D7 /* Preview Content */ = {
			isa = PBXGroup;
			children = (
				72153E9F24921B7F00DCE6D7 /* Preview Assets.xcassets */,
			);
			path = "Preview Content";
			sourceTree = "<group>";
		};
		72153EAC24921B7F00DCE6D7 /* SwiftUIDemoWithGithubAPIsTests */ = {
			isa = PBXGroup;
			children = (
				72153EAD24921B7F00DCE6D7 /* SwiftUIDemoWithGithubAPIsTests.swift */,
				72153EAF24921B7F00DCE6D7 /* Info.plist */,
			);
			path = SwiftUIDemoWithGithubAPIsTests;
			sourceTree = "<group>";
		};
		72153EB824921C3700DCE6D7 /* App */ = {
			isa = PBXGroup;
			children = (
				72153E9624921B7D00DCE6D7 /* AppDelegate.swift */,
				72153E9824921B7D00DCE6D7 /* SceneDelegate.swift */,
			);
			path = App;
			sourceTree = "<group>";
		};
		72153EB924921C4500DCE6D7 /* Images */ = {
			isa = PBXGroup;
			children = (
				72153E9C24921B7F00DCE6D7 /* Assets.xcassets */,
				72153ECA249250FD00DCE6D7 /* ImageRefrences.swift */,
			);
			path = Images;
			sourceTree = "<group>";
		};
		72153EBA24921C7500DCE6D7 /* Resources */ = {
			isa = PBXGroup;
			children = (
				72153EDE249275F200DCE6D7 /* Fonts */,
				72153ED9249273C900DCE6D7 /* Colors */,
				72153EB924921C4500DCE6D7 /* Images */,
				72153EA124921B7F00DCE6D7 /* LaunchScreen.storyboard */,
				72153EA424921B7F00DCE6D7 /* Info.plist */,
			);
			path = Resources;
			sourceTree = "<group>";
		};
		72153EBB24921C8700DCE6D7 /* Modules */ = {
			isa = PBXGroup;
			children = (
				720E4F7E2493EB3200D99793 /* Login */,
				72445DC424934919008C8C19 /* HomeView */,
				72153EED24928D7800DCE6D7 /* UserInfo */,
				72445DC1249345F5008C8C19 /* ReposInfo */,
			);
			path = Modules;
			sourceTree = "<group>";
		};
		72153EBC2492261C00DCE6D7 /* Network */ = {
			isa = PBXGroup;
			children = (
				72153EBD2492269200DCE6D7 /* NetworkRequestAgent.swift */,
				72153EBF249226AD00DCE6D7 /* APIRouter.swift */,
				72153EC1249226DC00DCE6D7 /* NetworkError.swift */,
				72153EC3249226EE00DCE6D7 /* JsonParser.swift */,
			);
			path = Network;
			sourceTree = "<group>";
		};
		72153ECF2492725300DCE6D7 /* Extensions */ = {
			isa = PBXGroup;
			children = (
				72153ED02492727B00DCE6D7 /* ViewExtensions.swift */,
				72153EE9249276AD00DCE6D7 /* FontExtensions.swift */,
				724FF71E249386F400F97219 /* StringExtensions.swift */,
			);
			path = Extensions;
			sourceTree = "<group>";
		};
		72153ED2249272A100DCE6D7 /* Base */ = {
			isa = PBXGroup;
			children = (
				72153ED3249272C000DCE6D7 /* NavigateModifier.swift */,
				72153ED52492736500DCE6D7 /* BaseNavigationView.swift */,
				72153ED7249273A300DCE6D7 /* BaseText.swift */,
				72153EEB24928D0E00DCE6D7 /* BaseList.swift */,
				72445DC724934956008C8C19 /* BaseTabView.swift */,
				720E4F812493F82900D99793 /* LoadingView.swift */,
			);
			path = Base;
			sourceTree = "<group>";
		};
		72153ED9249273C900DCE6D7 /* Colors */ = {
			isa = PBXGroup;
			children = (
				72153EDA249273DC00DCE6D7 /* ColorAssets.xcassets */,
				72153EDC249273F400DCE6D7 /* ColorRefrences.swift */,
			);
			path = Colors;
			sourceTree = "<group>";
		};
		72153EDE249275F200DCE6D7 /* Fonts */ = {
			isa = PBXGroup;
			children = (
				72153EE12492761000DCE6D7 /* Roboto-Black.ttf */,
				72153EDF2492761000DCE6D7 /* Roboto-Bold.ttf */,
				72153EE22492761000DCE6D7 /* Roboto-Light.ttf */,
				72153EE02492761000DCE6D7 /* Roboto-Medium.ttf */,
				72153EE32492761000DCE6D7 /* Roboto-Regular.ttf */,
			);
			path = Fonts;
			sourceTree = "<group>";
		};
		72153EED24928D7800DCE6D7 /* UserInfo */ = {
			isa = PBXGroup;
			children = (
				72153EF224929CB300DCE6D7 /* Row */,
				72153EEE24928D9000DCE6D7 /* UserInfoView.swift */,
				72153EF024928F7F00DCE6D7 /* UserInfoViewModel.swift */,
				72153EC6249236DD00DCE6D7 /* UserModel.swift */,
			);
			path = UserInfo;
			sourceTree = "<group>";
		};
		72153EF224929CB300DCE6D7 /* Row */ = {
			isa = PBXGroup;
			children = (
				72153EF324929D7600DCE6D7 /* UserInfoRow.swift */,
			);
			path = Row;
			sourceTree = "<group>";
		};
		72338FFF2493A54E0029E98E /* Row */ = {
			isa = PBXGroup;
			children = (
				723390002493A5760029E98E /* UserRepositoriesRow.swift */,
			);
			path = Row;
			sourceTree = "<group>";
		};
		72445DC1249345F5008C8C19 /* ReposInfo */ = {
			isa = PBXGroup;
			children = (
				72338FFF2493A54E0029E98E /* Row */,
				72445DCD24935DAE008C8C19 /* UserRepositoriesView.swift */,
				72338FFD249396F00029E98E /* UserRepositoriesViewModel.swift */,
				72445DC22493460C008C8C19 /* RepoModel.swift */,
			);
			path = ReposInfo;
			sourceTree = "<group>";
		};
		72445DC424934919008C8C19 /* HomeView */ = {
			isa = PBXGroup;
			children = (
				72445DC524934926008C8C19 /* HomeView.swift */,
				72445DC924935542008C8C19 /* HomeViewModel.swift */,
			);
			path = HomeView;
			sourceTree = "<group>";
		};
		72445DCF24936BB7008C8C19 /* Utils */ = {
			isa = PBXGroup;
			children = (
				72153EF52492ACA600DCE6D7 /* Base.strings */,
				72445DD024936BC2008C8C19 /* DictionaryEncoder.swift */,
			);
			path = Utils;
			sourceTree = "<group>";
		};
/* End PBXGroup section */

/* Begin PBXNativeTarget section */
		72153E9224921B7D00DCE6D7 /* SwiftUIDemoWithGithubAPIs */ = {
			isa = PBXNativeTarget;
			buildConfigurationList = 72153EB224921B7F00DCE6D7 /* Build configuration list for PBXNativeTarget "SwiftUIDemoWithGithubAPIs" */;
			buildPhases = (
				72153E8F24921B7D00DCE6D7 /* Sources */,
				72153E9024921B7D00DCE6D7 /* Frameworks */,
				72153E9124921B7D00DCE6D7 /* Resources */,
			);
			buildRules = (
			);
			dependencies = (
			);
			name = SwiftUIDemoWithGithubAPIs;
			productName = SwiftUIDemoWithGithubAPIs;
			productReference = 72153E9324921B7D00DCE6D7 /* SwiftUIDemoWithGithubAPIs.app */;
			productType = "com.apple.product-type.application";
		};
		72153EA824921B7F00DCE6D7 /* SwiftUIDemoWithGithubAPIsTests */ = {
			isa = PBXNativeTarget;
			buildConfigurationList = 72153EB524921B7F00DCE6D7 /* Build configuration list for PBXNativeTarget "SwiftUIDemoWithGithubAPIsTests" */;
			buildPhases = (
				72153EA524921B7F00DCE6D7 /* Sources */,
				72153EA624921B7F00DCE6D7 /* Frameworks */,
				72153EA724921B7F00DCE6D7 /* Resources */,
			);
			buildRules = (
			);
			dependencies = (
				72153EAB24921B7F00DCE6D7 /* PBXTargetDependency */,
			);
			name = SwiftUIDemoWithGithubAPIsTests;
			productName = SwiftUIDemoWithGithubAPIsTests;
			productReference = 72153EA924921B7F00DCE6D7 /* SwiftUIDemoWithGithubAPIsTests.xctest */;
			productType = "com.apple.product-type.bundle.unit-test";
		};
/* End PBXNativeTarget section */

/* Begin PBXProject section */
		72153E8B24921B7D00DCE6D7 /* Project object */ = {
			isa = PBXProject;
			attributes = {
				LastSwiftUpdateCheck = 1150;
				LastUpgradeCheck = 1150;
				ORGANIZATIONNAME = Sadegh;
				TargetAttributes = {
					72153E9224921B7D00DCE6D7 = {
						CreatedOnToolsVersion = 11.5;
					};
					72153EA824921B7F00DCE6D7 = {
						CreatedOnToolsVersion = 11.5;
						TestTargetID = 72153E9224921B7D00DCE6D7;
					};
				};
			};
			buildConfigurationList = 72153E8E24921B7D00DCE6D7 /* Build configuration list for PBXProject "SwiftUIDemoWithGithubAPIs" */;
			compatibilityVersion = "Xcode 9.3";
			developmentRegion = en;
			hasScannedForEncodings = 0;
			knownRegions = (
				en,
				Base,
			);
			mainGroup = 72153E8A24921B7D00DCE6D7;
			productRefGroup = 72153E9424921B7D00DCE6D7 /* Products */;
			projectDirPath = "";
			projectRoot = "";
			targets = (
				72153E9224921B7D00DCE6D7 /* SwiftUIDemoWithGithubAPIs */,
				72153EA824921B7F00DCE6D7 /* SwiftUIDemoWithGithubAPIsTests */,
			);
		};
/* End PBXProject section */

/* Begin PBXResourcesBuildPhase section */
		72153E9124921B7D00DCE6D7 /* Resources */ = {
			isa = PBXResourcesBuildPhase;
			buildActionMask = 2147483647;
			files = (
				72153EA324921B7F00DCE6D7 /* LaunchScreen.storyboard in Resources */,
				72153EA024921B7F00DCE6D7 /* Preview Assets.xcassets in Resources */,
				72153EE52492761000DCE6D7 /* Roboto-Medium.ttf in Resources */,
				72153EF62492ACA600DCE6D7 /* Base.strings in Resources */,
				72153EE42492761000DCE6D7 /* Roboto-Bold.ttf in Resources */,
				72153EE62492761000DCE6D7 /* Roboto-Black.ttf in Resources */,
				72153EDB249273DC00DCE6D7 /* ColorAssets.xcassets in Resources */,
				72153EE82492761000DCE6D7 /* Roboto-Regular.ttf in Resources */,
				72153EE72492761000DCE6D7 /* Roboto-Light.ttf in Resources */,
				72153E9D24921B7F00DCE6D7 /* Assets.xcassets in Resources */,
			);
			runOnlyForDeploymentPostprocessing = 0;
		};
		72153EA724921B7F00DCE6D7 /* Resources */ = {
			isa = PBXResourcesBuildPhase;
			buildActionMask = 2147483647;
			files = (
			);
			runOnlyForDeploymentPostprocessing = 0;
		};
/* End PBXResourcesBuildPhase section */

/* Begin PBXSourcesBuildPhase section */
		72153E8F24921B7D00DCE6D7 /* Sources */ = {
			isa = PBXSourcesBuildPhase;
			buildActionMask = 2147483647;
			files = (
				72153ED12492727B00DCE6D7 /* ViewExtensions.swift in Sources */,
				72338FFE249396F00029E98E /* UserRepositoriesViewModel.swift in Sources */,
				72153ED8249273A300DCE6D7 /* BaseText.swift in Sources */,
				723390012493A5760029E98E /* UserRepositoriesRow.swift in Sources */,
				72153E9724921B7D00DCE6D7 /* AppDelegate.swift in Sources */,
				72153EC0249226AD00DCE6D7 /* APIRouter.swift in Sources */,
				72445DC624934926008C8C19 /* HomeView.swift in Sources */,
				72153ECB249250FD00DCE6D7 /* ImageRefrences.swift in Sources */,
				72153EEA249276AD00DCE6D7 /* FontExtensions.swift in Sources */,
				72153EC7249236DD00DCE6D7 /* UserModel.swift in Sources */,
				72445DC824934956008C8C19 /* BaseTabView.swift in Sources */,
				72445DC32493460C008C8C19 /* RepoModel.swift in Sources */,
				72153EEC24928D0E00DCE6D7 /* BaseList.swift in Sources */,
				72153EEF24928D9000DCE6D7 /* UserInfoView.swift in Sources */,
				72153E9924921B7D00DCE6D7 /* SceneDelegate.swift in Sources */,
				72153ED62492736500DCE6D7 /* BaseNavigationView.swift in Sources */,
				72153ED4249272C000DCE6D7 /* NavigateModifier.swift in Sources */,
				720E4F802493EB5800D99793 /* LoginView.swift in Sources */,
				72445DD124936BC2008C8C19 /* DictionaryEncoder.swift in Sources */,
				720E4F842493F9C200D99793 /* LoginViewModel.swift in Sources */,
				72153EC2249226DC00DCE6D7 /* NetworkError.swift in Sources */,
				72153EF124928F7F00DCE6D7 /* UserInfoViewModel.swift in Sources */,
				72153EF424929D7600DCE6D7 /* UserInfoRow.swift in Sources */,
				72445DCA24935542008C8C19 /* HomeViewModel.swift in Sources */,
				724FF71F249386F400F97219 /* StringExtensions.swift in Sources */,
				72153EBE2492269200DCE6D7 /* NetworkRequestAgent.swift in Sources */,
				72153EC4249226EE00DCE6D7 /* JsonParser.swift in Sources */,
				72445DCE24935DAE008C8C19 /* UserRepositoriesView.swift in Sources */,
				720E4F822493F82900D99793 /* LoadingView.swift in Sources */,
				72153EDD249273F400DCE6D7 /* ColorRefrences.swift in Sources */,
			);
			runOnlyForDeploymentPostprocessing = 0;
		};
		72153EA524921B7F00DCE6D7 /* Sources */ = {
			isa = PBXSourcesBuildPhase;
			buildActionMask = 2147483647;
			files = (
				72153EAE24921B7F00DCE6D7 /* SwiftUIDemoWithGithubAPIsTests.swift in Sources */,
			);
			runOnlyForDeploymentPostprocessing = 0;
		};
/* End PBXSourcesBuildPhase section */

/* Begin PBXTargetDependency section */
		72153EAB24921B7F00DCE6D7 /* PBXTargetDependency */ = {
			isa = PBXTargetDependency;
			target = 72153E9224921B7D00DCE6D7 /* SwiftUIDemoWithGithubAPIs */;
			targetProxy = 72153EAA24921B7F00DCE6D7 /* PBXContainerItemProxy */;
		};
/* End PBXTargetDependency section */

/* Begin PBXVariantGroup section */
		72153EA124921B7F00DCE6D7 /* LaunchScreen.storyboard */ = {
			isa = PBXVariantGroup;
			children = (
				72153EA224921B7F00DCE6D7 /* Base */,
			);
			name = LaunchScreen.storyboard;
			sourceTree = "<group>";
		};
/* End PBXVariantGroup section */

/* Begin XCBuildConfiguration section */
		72153EB024921B7F00DCE6D7 /* Debug */ = {
			isa = XCBuildConfiguration;
			buildSettings = {
				ALWAYS_SEARCH_USER_PATHS = NO;
				CLANG_ANALYZER_NONNULL = YES;
				CLANG_ANALYZER_NUMBER_OBJECT_CONVERSION = YES_AGGRESSIVE;
				CLANG_CXX_LANGUAGE_STANDARD = "gnu++14";
				CLANG_CXX_LIBRARY = "libc++";
				CLANG_ENABLE_MODULES = YES;
				CLANG_ENABLE_OBJC_ARC = YES;
				CLANG_ENABLE_OBJC_WEAK = YES;
				CLANG_WARN_BLOCK_CAPTURE_AUTORELEASING = YES;
				CLANG_WARN_BOOL_CONVERSION = YES;
				CLANG_WARN_COMMA = YES;
				CLANG_WARN_CONSTANT_CONVERSION = YES;
				CLANG_WARN_DEPRECATED_OBJC_IMPLEMENTATIONS = YES;
				CLANG_WARN_DIRECT_OBJC_ISA_USAGE = YES_ERROR;
				CLANG_WARN_DOCUMENTATION_COMMENTS = YES;
				CLANG_WARN_EMPTY_BODY = YES;
				CLANG_WARN_ENUM_CONVERSION = YES;
				CLANG_WARN_INFINITE_RECURSION = YES;
				CLANG_WARN_INT_CONVERSION = YES;
				CLANG_WARN_NON_LITERAL_NULL_CONVERSION = YES;
				CLANG_WARN_OBJC_IMPLICIT_RETAIN_SELF = YES;
				CLANG_WARN_OBJC_LITERAL_CONVERSION = YES;
				CLANG_WARN_OBJC_ROOT_CLASS = YES_ERROR;
				CLANG_WARN_RANGE_LOOP_ANALYSIS = YES;
				CLANG_WARN_STRICT_PROTOTYPES = YES;
				CLANG_WARN_SUSPICIOUS_MOVE = YES;
				CLANG_WARN_UNGUARDED_AVAILABILITY = YES_AGGRESSIVE;
				CLANG_WARN_UNREACHABLE_CODE = YES;
				CLANG_WARN__DUPLICATE_METHOD_MATCH = YES;
				COPY_PHASE_STRIP = NO;
				DEBUG_INFORMATION_FORMAT = dwarf;
				ENABLE_STRICT_OBJC_MSGSEND = YES;
				ENABLE_TESTABILITY = YES;
				GCC_C_LANGUAGE_STANDARD = gnu11;
				GCC_DYNAMIC_NO_PIC = NO;
				GCC_NO_COMMON_BLOCKS = YES;
				GCC_OPTIMIZATION_LEVEL = 0;
				GCC_PREPROCESSOR_DEFINITIONS = (
					"DEBUG=1",
					"$(inherited)",
				);
				GCC_WARN_64_TO_32_BIT_CONVERSION = YES;
				GCC_WARN_ABOUT_RETURN_TYPE = YES_ERROR;
				GCC_WARN_UNDECLARED_SELECTOR = YES;
				GCC_WARN_UNINITIALIZED_AUTOS = YES_AGGRESSIVE;
				GCC_WARN_UNUSED_FUNCTION = YES;
				GCC_WARN_UNUSED_VARIABLE = YES;
				IPHONEOS_DEPLOYMENT_TARGET = 13.5;
				MTL_ENABLE_DEBUG_INFO = INCLUDE_SOURCE;
				MTL_FAST_MATH = YES;
				ONLY_ACTIVE_ARCH = YES;
				SDKROOT = iphoneos;
				SWIFT_ACTIVE_COMPILATION_CONDITIONS = DEBUG;
				SWIFT_OPTIMIZATION_LEVEL = "-Onone";
			};
			name = Debug;
		};
		72153EB124921B7F00DCE6D7 /* Release */ = {
			isa = XCBuildConfiguration;
			buildSettings = {
				ALWAYS_SEARCH_USER_PATHS = NO;
				CLANG_ANALYZER_NONNULL = YES;
				CLANG_ANALYZER_NUMBER_OBJECT_CONVERSION = YES_AGGRESSIVE;
				CLANG_CXX_LANGUAGE_STANDARD = "gnu++14";
				CLANG_CXX_LIBRARY = "libc++";
				CLANG_ENABLE_MODULES = YES;
				CLANG_ENABLE_OBJC_ARC = YES;
				CLANG_ENABLE_OBJC_WEAK = YES;
				CLANG_WARN_BLOCK_CAPTURE_AUTORELEASING = YES;
				CLANG_WARN_BOOL_CONVERSION = YES;
				CLANG_WARN_COMMA = YES;
				CLANG_WARN_CONSTANT_CONVERSION = YES;
				CLANG_WARN_DEPRECATED_OBJC_IMPLEMENTATIONS = YES;
				CLANG_WARN_DIRECT_OBJC_ISA_USAGE = YES_ERROR;
				CLANG_WARN_DOCUMENTATION_COMMENTS = YES;
				CLANG_WARN_EMPTY_BODY = YES;
				CLANG_WARN_ENUM_CONVERSION = YES;
				CLANG_WARN_INFINITE_RECURSION = YES;
				CLANG_WARN_INT_CONVERSION = YES;
				CLANG_WARN_NON_LITERAL_NULL_CONVERSION = YES;
				CLANG_WARN_OBJC_IMPLICIT_RETAIN_SELF = YES;
				CLANG_WARN_OBJC_LITERAL_CONVERSION = YES;
				CLANG_WARN_OBJC_ROOT_CLASS = YES_ERROR;
				CLANG_WARN_RANGE_LOOP_ANALYSIS = YES;
				CLANG_WARN_STRICT_PROTOTYPES = YES;
				CLANG_WARN_SUSPICIOUS_MOVE = YES;
				CLANG_WARN_UNGUARDED_AVAILABILITY = YES_AGGRESSIVE;
				CLANG_WARN_UNREACHABLE_CODE = YES;
				CLANG_WARN__DUPLICATE_METHOD_MATCH = YES;
				COPY_PHASE_STRIP = NO;
				DEBUG_INFORMATION_FORMAT = "dwarf-with-dsym";
				ENABLE_NS_ASSERTIONS = NO;
				ENABLE_STRICT_OBJC_MSGSEND = YES;
				GCC_C_LANGUAGE_STANDARD = gnu11;
				GCC_NO_COMMON_BLOCKS = YES;
				GCC_WARN_64_TO_32_BIT_CONVERSION = YES;
				GCC_WARN_ABOUT_RETURN_TYPE = YES_ERROR;
				GCC_WARN_UNDECLARED_SELECTOR = YES;
				GCC_WARN_UNINITIALIZED_AUTOS = YES_AGGRESSIVE;
				GCC_WARN_UNUSED_FUNCTION = YES;
				GCC_WARN_UNUSED_VARIABLE = YES;
				IPHONEOS_DEPLOYMENT_TARGET = 13.5;
				MTL_ENABLE_DEBUG_INFO = NO;
				MTL_FAST_MATH = YES;
				SDKROOT = iphoneos;
				SWIFT_COMPILATION_MODE = wholemodule;
				SWIFT_OPTIMIZATION_LEVEL = "-O";
				VALIDATE_PRODUCT = YES;
			};
			name = Release;
		};
		72153EB324921B7F00DCE6D7 /* Debug */ = {
			isa = XCBuildConfiguration;
			buildSettings = {
				ASSETCATALOG_COMPILER_APPICON_NAME = AppIcon;
				CODE_SIGN_STYLE = Automatic;
				DEVELOPMENT_ASSET_PATHS = "\"SwiftUIDemoWithGithubAPIs/Preview Content\"";
				DEVELOPMENT_TEAM = 9N424R5SGN;
				ENABLE_PREVIEWS = YES;
				INFOPLIST_FILE = SwiftUIDemoWithGithubAPIs/Resources/Info.plist;
				LD_RUNPATH_SEARCH_PATHS = (
					"$(inherited)",
					"@executable_path/Frameworks",
				);
				PRODUCT_BUNDLE_IDENTIFIER = com.merat.SwiftUIDemoWithGithubAPIs;
				PRODUCT_NAME = "$(TARGET_NAME)";
				SWIFT_VERSION = 5.0;
				TARGETED_DEVICE_FAMILY = "1,2";
			};
			name = Debug;
		};
		72153EB424921B7F00DCE6D7 /* Release */ = {
			isa = XCBuildConfiguration;
			buildSettings = {
				ASSETCATALOG_COMPILER_APPICON_NAME = AppIcon;
				CODE_SIGN_STYLE = Automatic;
				DEVELOPMENT_ASSET_PATHS = "\"SwiftUIDemoWithGithubAPIs/Preview Content\"";
				DEVELOPMENT_TEAM = 9N424R5SGN;
				ENABLE_PREVIEWS = YES;
				INFOPLIST_FILE = SwiftUIDemoWithGithubAPIs/Resources/Info.plist;
				LD_RUNPATH_SEARCH_PATHS = (
					"$(inherited)",
					"@executable_path/Frameworks",
				);
				PRODUCT_BUNDLE_IDENTIFIER = com.merat.SwiftUIDemoWithGithubAPIs;
				PRODUCT_NAME = "$(TARGET_NAME)";
				SWIFT_VERSION = 5.0;
				TARGETED_DEVICE_FAMILY = "1,2";
			};
			name = Release;
		};
		72153EB624921B7F00DCE6D7 /* Debug */ = {
			isa = XCBuildConfiguration;
			buildSettings = {
				ALWAYS_EMBED_SWIFT_STANDARD_LIBRARIES = YES;
				BUNDLE_LOADER = "$(TEST_HOST)";
				CODE_SIGN_STYLE = Automatic;
				DEVELOPMENT_TEAM = 9N424R5SGN;
				INFOPLIST_FILE = SwiftUIDemoWithGithubAPIsTests/Info.plist;
				IPHONEOS_DEPLOYMENT_TARGET = 13.5;
				LD_RUNPATH_SEARCH_PATHS = (
					"$(inherited)",
					"@executable_path/Frameworks",
					"@loader_path/Frameworks",
				);
				PRODUCT_BUNDLE_IDENTIFIER = com.merat.SwiftUIDemoWithGithubAPIsTests;
				PRODUCT_NAME = "$(TARGET_NAME)";
				SWIFT_VERSION = 5.0;
				TARGETED_DEVICE_FAMILY = "1,2";
				TEST_HOST = "$(BUILT_PRODUCTS_DIR)/SwiftUIDemoWithGithubAPIs.app/SwiftUIDemoWithGithubAPIs";
			};
			name = Debug;
		};
		72153EB724921B7F00DCE6D7 /* Release */ = {
			isa = XCBuildConfiguration;
			buildSettings = {
				ALWAYS_EMBED_SWIFT_STANDARD_LIBRARIES = YES;
				BUNDLE_LOADER = "$(TEST_HOST)";
				CODE_SIGN_STYLE = Automatic;
				DEVELOPMENT_TEAM = 9N424R5SGN;
				INFOPLIST_FILE = SwiftUIDemoWithGithubAPIsTests/Info.plist;
				IPHONEOS_DEPLOYMENT_TARGET = 13.5;
				LD_RUNPATH_SEARCH_PATHS = (
					"$(inherited)",
					"@executable_path/Frameworks",
					"@loader_path/Frameworks",
				);
				PRODUCT_BUNDLE_IDENTIFIER = com.merat.SwiftUIDemoWithGithubAPIsTests;
				PRODUCT_NAME = "$(TARGET_NAME)";
				SWIFT_VERSION = 5.0;
				TARGETED_DEVICE_FAMILY = "1,2";
				TEST_HOST = "$(BUILT_PRODUCTS_DIR)/SwiftUIDemoWithGithubAPIs.app/SwiftUIDemoWithGithubAPIs";
			};
			name = Release;
		};
/* End XCBuildConfiguration section */

/* Begin XCConfigurationList section */
		72153E8E24921B7D00DCE6D7 /* Build configuration list for PBXProject "SwiftUIDemoWithGithubAPIs" */ = {
			isa = XCConfigurationList;
			buildConfigurations = (
				72153EB024921B7F00DCE6D7 /* Debug */,
				72153EB124921B7F00DCE6D7 /* Release */,
			);
			defaultConfigurationIsVisible = 0;
			defaultConfigurationName = Release;
		};
		72153EB224921B7F00DCE6D7 /* Build configuration list for PBXNativeTarget "SwiftUIDemoWithGithubAPIs" */ = {
			isa = XCConfigurationList;
			buildConfigurations = (
				72153EB324921B7F00DCE6D7 /* Debug */,
				72153EB424921B7F00DCE6D7 /* Release */,
			);
			defaultConfigurationIsVisible = 0;
			defaultConfigurationName = Release;
		};
		72153EB524921B7F00DCE6D7 /* Build configuration list for PBXNativeTarget "SwiftUIDemoWithGithubAPIsTests" */ = {
			isa = XCConfigurationList;
			buildConfigurations = (
				72153EB624921B7F00DCE6D7 /* Debug */,
				72153EB724921B7F00DCE6D7 /* Release */,
			);
			defaultConfigurationIsVisible = 0;
			defaultConfigurationName = Release;
		};
/* End XCConfigurationList section */
	};
	rootObject = 72153E8B24921B7D00DCE6D7 /* Project object */;
}
